
Microsoft Visual Studio Solution File, Format Version 12.00
# Visual Studio Version 17
VisualStudioVersion = 17.7.34024.191
MinimumVisualStudioVersion = 10.0.40219.1
Project("{FAE04EC0-301F-11D3-BF4B-00C04F79EFBC}") = "AutoMapperVsMapster", "AutoMapperVsMapster\AutoMapperVsMapster.csproj", "{9146D795-D51F-4A12-85A3-69046ED6D7C7}"
EndProject
Project("{FAE04EC0-301F-11D3-BF4B-00C04F79EFBC}") = "WebApplication1", "WebApplication1\WebApplication1.csproj", "{12B80CAF-8318-4685-A18F-12A0CE386DA9}"
EndProject
Global
	GlobalSection(SolutionConfigurationPlatforms) = preSolution
		Debug|Any CPU = Debug|Any CPU
		Release|Any CPU = Release|Any CPU
	EndGlobalSection
	GlobalSection(ProjectConfigurationPlatforms) = postSolution
		{9146D795-D51F-4A12-85A3-69046ED6D7C7}.Debug|Any CPU.ActiveCfg = Debug|Any CPU
		{9146D795-D51F-4A12-85A3-69046ED6D7C7}.Debug|Any CPU.Build.0 = Debug|Any CPU
		{9146D795-D51F-4A12-85A3-69046ED6D7C7}.Release|Any CPU.ActiveCfg = Release|Any CPU
		{9146D795-D51F-4A12-85A3-69046ED6D7C7}.Release|Any CPU.Build.0 = Release|Any CPU
		{12B80CAF-8318-4685-A18F-12A0CE386DA9}.Debug|Any CPU.ActiveCfg = Debug|Any CPU
		{12B80CAF-8318-4685-A18F-12A0CE386DA9}.Debug|Any CPU.Build.0 = Debug|Any CPU
		{12B80CAF-8318-4685-A18F-12A0CE386DA9}.Release|Any CPU.ActiveCfg = Release|Any CPU
		{12B80CAF-8318-4685-A18F-12A0CE386DA9}.Release|Any CPU.Build.0 = Release|Any CPU
	EndGlobalSection
	GlobalSection(SolutionProperties) = preSolution
		HideSolutionNode = FALSE
	EndGlobalSection
	GlobalSection(ExtensibilityGlobals) = postSolution
		SolutionGuid = {4BEEAE3C-740C-4938-9C68-1998E3C41A10}
	EndGlobalSection
EndGlobal
